
Microsoft Visual Studio Solution File, Format Version 12.00
# Visual Studio Version 17
VisualStudioVersion = 17.8.34309.116
MinimumVisualStudioVersion = 10.0.40219.1
Project("{FAE04EC0-301F-11D3-BF4B-00C04F79EFBC}") = "DataAccessLayer", "DataAccessLayer\DataAccessLayer.csproj", "{3F68E143-FB58-4418-B839-9DF882705446}"
EndProject
Project("{FAE04EC0-301F-11D3-BF4B-00C04F79EFBC}") = "API", "API\API.csproj", "{3ECB847A-F6D3-4C8E-8243-DEBCC40EF4AD}"
EndProject
Project("{FAE04EC0-301F-11D3-BF4B-00C04F79EFBC}") = "BusinessLogicLayer", "BusinessLogicLayer\BusinessLogicLayer.csproj", "{EC577E81-8F59-41AE-8448-FF7EBE81D712}"
EndProject
Project("{2150E333-8FDC-42A3-9474-1A3956D46DE8}") = "Solution Items", "Solution Items", "{071F8490-0FEC-4545-B151-489EA2E4811E}"
	ProjectSection(SolutionItems) = preProject
		.editorconfig = .editorconfig
	EndProjectSection
EndProject
Global
	GlobalSection(SolutionConfigurationPlatforms) = preSolution
		Debug|Any CPU = Debug|Any CPU
		Release|Any CPU = Release|Any CPU
	EndGlobalSection
	GlobalSection(ProjectConfigurationPlatforms) = postSolution
		{3F68E143-FB58-4418-B839-9DF882705446}.Debug|Any CPU.ActiveCfg = Debug|Any CPU
		{3F68E143-FB58-4418-B839-9DF882705446}.Debug|Any CPU.Build.0 = Debug|Any CPU
		{3F68E143-FB58-4418-B839-9DF882705446}.Release|Any CPU.ActiveCfg = Release|Any CPU
		{3F68E143-FB58-4418-B839-9DF882705446}.Release|Any CPU.Build.0 = Release|Any CPU
		{3ECB847A-F6D3-4C8E-8243-DEBCC40EF4AD}.Debug|Any CPU.ActiveCfg = Debug|Any CPU
		{3ECB847A-F6D3-4C8E-8243-DEBCC40EF4AD}.Debug|Any CPU.Build.0 = Debug|Any CPU
		{3ECB847A-F6D3-4C8E-8243-DEBCC40EF4AD}.Release|Any CPU.ActiveCfg = Release|Any CPU
		{3ECB847A-F6D3-4C8E-8243-DEBCC40EF4AD}.Release|Any CPU.Build.0 = Release|Any CPU
		{EC577E81-8F59-41AE-8448-FF7EBE81D712}.Debug|Any CPU.ActiveCfg = Debug|Any CPU
		{EC577E81-8F59-41AE-8448-FF7EBE81D712}.Debug|Any CPU.Build.0 = Debug|Any CPU
		{EC577E81-8F59-41AE-8448-FF7EBE81D712}.Release|Any CPU.ActiveCfg = Release|Any CPU
		{EC577E81-8F59-41AE-8448-FF7EBE81D712}.Release|Any CPU.Build.0 = Release|Any CPU
	EndGlobalSection
	GlobalSection(SolutionProperties) = preSolution
		HideSolutionNode = FALSE
	EndGlobalSection
	GlobalSection(ExtensibilityGlobals) = postSolution
		SolutionGuid = {C22D2142-F702-4B35-89AB-F0AEDD7B45CE}
	EndGlobalSection
EndGlobal
